
Microsoft Visual Studio Solution File, Format Version 12.00
# Visual Studio 15
Project("{FAE04EC0-301F-11D3-BF4B-00C04F79EFBC}") = "Assembly-CSharp", "Assembly-CSharp.csproj", "{D5F38F26-8452-A179-9A87-A6E41A7BA82D}"
EndProject
Project("{FAE04EC0-301F-11D3-BF4B-00C04F79EFBC}") = "Assembly-CSharp-Editor", "Assembly-CSharp-Editor.csproj", "{675B8DE8-EBCD-E9EA-9A15-6468882FA566}"
EndProject
Global
	GlobalSection(SolutionConfigurationPlatforms) = preSolution
		Debug|Any CPU = Debug|Any CPU
		Release|Any CPU = Release|Any CPU
	EndGlobalSection
	GlobalSection(ProjectConfigurationPlatforms) = postSolution
		{D5F38F26-8452-A179-9A87-A6E41A7BA82D}.Debug|Any CPU.ActiveCfg = Debug|Any CPU
		{D5F38F26-8452-A179-9A87-A6E41A7BA82D}.Debug|Any CPU.Build.0 = Debug|Any CPU
		{D5F38F26-8452-A179-9A87-A6E41A7BA82D}.Release|Any CPU.ActiveCfg = Release|Any CPU
		{D5F38F26-8452-A179-9A87-A6E41A7BA82D}.Release|Any CPU.Build.0 = Release|Any CPU
		{675B8DE8-EBCD-E9EA-9A15-6468882FA566}.Debug|Any CPU.ActiveCfg = Debug|Any CPU
		{675B8DE8-EBCD-E9EA-9A15-6468882FA566}.Debug|Any CPU.Build.0 = Debug|Any CPU
		{675B8DE8-EBCD-E9EA-9A15-6468882FA566}.Release|Any CPU.ActiveCfg = Release|Any CPU
		{675B8DE8-EBCD-E9EA-9A15-6468882FA566}.Release|Any CPU.Build.0 = Release|Any CPU
	EndGlobalSection
	GlobalSection(SolutionProperties) = preSolution
		HideSolutionNode = FALSE
	EndGlobalSection
EndGlobal
